
Microsoft Visual Studio Solution File, Format Version 12.00
# Visual Studio Version 16
VisualStudioVersion = 16.0.31112.23
MinimumVisualStudioVersion = 10.0.40219.1
Project("{FAE04EC0-301F-11D3-BF4B-00C04F79EFBC}") = "StoredProcedureDemoDbFirst", "StoredProcedureDemo\StoredProcedureDemoDbFirst.csproj", "{EEC8CAF0-83E7-49E0-9047-23520C9F0874}"
EndProject
Project("{FAE04EC0-301F-11D3-BF4B-00C04F79EFBC}") = "StoredProcedureDemoCodeFirst", "StoredProcedureDemoCodeFirst\StoredProcedureDemoCodeFirst.csproj", "{88CA268B-09E0-4904-A2A5-BB4CA639783C}"
EndProject
Global
	GlobalSection(SolutionConfigurationPlatforms) = preSolution
		Debug|Any CPU = Debug|Any CPU
		Release|Any CPU = Release|Any CPU
	EndGlobalSection
	GlobalSection(ProjectConfigurationPlatforms) = postSolution
		{EEC8CAF0-83E7-49E0-9047-23520C9F0874}.Debug|Any CPU.ActiveCfg = Debug|Any CPU
		{EEC8CAF0-83E7-49E0-9047-23520C9F0874}.Debug|Any CPU.Build.0 = Debug|Any CPU
		{EEC8CAF0-83E7-49E0-9047-23520C9F0874}.Release|Any CPU.ActiveCfg = Release|Any CPU
		{EEC8CAF0-83E7-49E0-9047-23520C9F0874}.Release|Any CPU.Build.0 = Release|Any CPU
		{88CA268B-09E0-4904-A2A5-BB4CA639783C}.Debug|Any CPU.ActiveCfg = Debug|Any CPU
		{88CA268B-09E0-4904-A2A5-BB4CA639783C}.Debug|Any CPU.Build.0 = Debug|Any CPU
		{88CA268B-09E0-4904-A2A5-BB4CA639783C}.Release|Any CPU.ActiveCfg = Release|Any CPU
		{88CA268B-09E0-4904-A2A5-BB4CA639783C}.Release|Any CPU.Build.0 = Release|Any CPU
	EndGlobalSection
	GlobalSection(SolutionProperties) = preSolution
		HideSolutionNode = FALSE
	EndGlobalSection
	GlobalSection(ExtensibilityGlobals) = postSolution
		SolutionGuid = {4A2A44F7-D6DE-419E-B205-33C583396197}
	EndGlobalSection
EndGlobal
